
Microsoft Visual Studio Solution File, Format Version 12.00
# Visual Studio 15
VisualStudioVersion = 15.0.27004.2005
MinimumVisualStudioVersion = 10.0.40219.1
Project("{9A19103F-16F7-4668-BE54-9A1E7A4F7556}") = "coffeemaker", "articlemaker\coffeemaker.csproj", "{7A7F5D3F-6A61-4AC6-9422-99261B5A1015}"
EndProject
Project("{9A19103F-16F7-4668-BE54-9A1E7A4F7556}") = "dna.core.data", "..\dna.core\dna.core.data\dna.core.data.csproj", "{F1240D3B-4A90-40A5-8E1F-65A25E600028}"
EndProject
Project("{9A19103F-16F7-4668-BE54-9A1E7A4F7556}") = "dna.core.service", "..\dna.core\dna.core.service\dna.core.service.csproj", "{6CB984C7-7D0A-4A70-90AE-019E5EC1971D}"
EndProject
Project("{9A19103F-16F7-4668-BE54-9A1E7A4F7556}") = "dna.core.libs", "..\dna.core\dna.core.libs\dna.core.libs.csproj", "{46461990-A9BC-47A6-B51E-A5B4D40A7749}"
EndProject
Project("{9A19103F-16F7-4668-BE54-9A1E7A4F7556}") = "dna.core.auth", "..\dna.core\dna.core.auth\dna.core.auth.csproj", "{465B0A1C-0A8A-4068-BB93-E3AEA8B04882}"
EndProject
Global
	GlobalSection(SolutionConfigurationPlatforms) = preSolution
		Debug|Any CPU = Debug|Any CPU
		Release|Any CPU = Release|Any CPU
	EndGlobalSection
	GlobalSection(ProjectConfigurationPlatforms) = postSolution
		{7A7F5D3F-6A61-4AC6-9422-99261B5A1015}.Debug|Any CPU.ActiveCfg = Debug|Any CPU
		{7A7F5D3F-6A61-4AC6-9422-99261B5A1015}.Debug|Any CPU.Build.0 = Debug|Any CPU
		{7A7F5D3F-6A61-4AC6-9422-99261B5A1015}.Release|Any CPU.ActiveCfg = Release|Any CPU
		{7A7F5D3F-6A61-4AC6-9422-99261B5A1015}.Release|Any CPU.Build.0 = Release|Any CPU
		{F1240D3B-4A90-40A5-8E1F-65A25E600028}.Debug|Any CPU.ActiveCfg = Debug|Any CPU
		{F1240D3B-4A90-40A5-8E1F-65A25E600028}.Debug|Any CPU.Build.0 = Debug|Any CPU
		{F1240D3B-4A90-40A5-8E1F-65A25E600028}.Release|Any CPU.ActiveCfg = Release|Any CPU
		{F1240D3B-4A90-40A5-8E1F-65A25E600028}.Release|Any CPU.Build.0 = Release|Any CPU
		{6CB984C7-7D0A-4A70-90AE-019E5EC1971D}.Debug|Any CPU.ActiveCfg = Debug|Any CPU
		{6CB984C7-7D0A-4A70-90AE-019E5EC1971D}.Debug|Any CPU.Build.0 = Debug|Any CPU
		{6CB984C7-7D0A-4A70-90AE-019E5EC1971D}.Release|Any CPU.ActiveCfg = Release|Any CPU
		{6CB984C7-7D0A-4A70-90AE-019E5EC1971D}.Release|Any CPU.Build.0 = Release|Any CPU
		{46461990-A9BC-47A6-B51E-A5B4D40A7749}.Debug|Any CPU.ActiveCfg = Debug|Any CPU
		{46461990-A9BC-47A6-B51E-A5B4D40A7749}.Debug|Any CPU.Build.0 = Debug|Any CPU
		{46461990-A9BC-47A6-B51E-A5B4D40A7749}.Release|Any CPU.ActiveCfg = Release|Any CPU
		{46461990-A9BC-47A6-B51E-A5B4D40A7749}.Release|Any CPU.Build.0 = Release|Any CPU
		{465B0A1C-0A8A-4068-BB93-E3AEA8B04882}.Debug|Any CPU.ActiveCfg = Debug|Any CPU
		{465B0A1C-0A8A-4068-BB93-E3AEA8B04882}.Debug|Any CPU.Build.0 = Debug|Any CPU
		{465B0A1C-0A8A-4068-BB93-E3AEA8B04882}.Release|Any CPU.ActiveCfg = Release|Any CPU
		{465B0A1C-0A8A-4068-BB93-E3AEA8B04882}.Release|Any CPU.Build.0 = Release|Any CPU
	EndGlobalSection
	GlobalSection(SolutionProperties) = preSolution
		HideSolutionNode = FALSE
	EndGlobalSection
	GlobalSection(ExtensibilityGlobals) = postSolution
		SolutionGuid = {1ABEFD86-9E59-4A3C-8932-F9743B119D06}
	EndGlobalSection
EndGlobal
